
Microsoft Visual Studio Solution File, Format Version 12.00
# Visual Studio Version 16
VisualStudioVersion = 16.0.31624.102
MinimumVisualStudioVersion = 10.0.40219.1
Project("{9A19103F-16F7-4668-BE54-9A1E7A4F7556}") = "ConsoleApp4", "ConsoleApp4\ConsoleApp4.csproj", "{F9075F36-01E6-4004-8AB0-5F356AB1A527}"
EndProject
Project("{FAE04EC0-301F-11D3-BF4B-00C04F79EFBC}") = "AppSolution.DataAccess", "AppSolution.DataAccess\AppSolution.DataAccess.csproj", "{57862D56-9F0D-4BFA-9376-BC362BDF8D46}"
EndProject
Global
	GlobalSection(SolutionConfigurationPlatforms) = preSolution
		Debug|Any CPU = Debug|Any CPU
		Release|Any CPU = Release|Any CPU
	EndGlobalSection
	GlobalSection(ProjectConfigurationPlatforms) = postSolution
		{F9075F36-01E6-4004-8AB0-5F356AB1A527}.Debug|Any CPU.ActiveCfg = Debug|Any CPU
		{F9075F36-01E6-4004-8AB0-5F356AB1A527}.Debug|Any CPU.Build.0 = Debug|Any CPU
		{F9075F36-01E6-4004-8AB0-5F356AB1A527}.Release|Any CPU.ActiveCfg = Release|Any CPU
		{F9075F36-01E6-4004-8AB0-5F356AB1A527}.Release|Any CPU.Build.0 = Release|Any CPU
		{57862D56-9F0D-4BFA-9376-BC362BDF8D46}.Debug|Any CPU.ActiveCfg = Debug|Any CPU
		{57862D56-9F0D-4BFA-9376-BC362BDF8D46}.Debug|Any CPU.Build.0 = Debug|Any CPU
		{57862D56-9F0D-4BFA-9376-BC362BDF8D46}.Release|Any CPU.ActiveCfg = Release|Any CPU
		{57862D56-9F0D-4BFA-9376-BC362BDF8D46}.Release|Any CPU.Build.0 = Release|Any CPU
	EndGlobalSection
	GlobalSection(SolutionProperties) = preSolution
		HideSolutionNode = FALSE
	EndGlobalSection
	GlobalSection(ExtensibilityGlobals) = postSolution
		SolutionGuid = {E8D06B48-6EEC-4E27-AFBE-0C0524F28068}
	EndGlobalSection
EndGlobal
